
Microsoft Visual Studio Solution File, Format Version 12.00
# Visual Studio Version 16
VisualStudioVersion = 16.0.30711.63
MinimumVisualStudioVersion = 10.0.40219.1
Project("{9A19103F-16F7-4668-BE54-9A1E7A4F7556}") = "Task_1_4", "Begining\Task_1_4.csproj", "{51A56D5F-D6E5-484D-8FA8-1911200466F7}"
EndProject
Project("{FAE04EC0-301F-11D3-BF4B-00C04F79EFBC}") = "Task_2_4", "Task_2_4\Task_2_4.csproj", "{E8DB1E47-68BB-4B8C-80BE-5F6F0093EB44}"
EndProject
Project("{FAE04EC0-301F-11D3-BF4B-00C04F79EFBC}") = "Task_3_4", "Task_3_4\Task_3_4.csproj", "{9A388FF0-84C1-4346-9DA9-E1BEDB59BAF0}"
EndProject
Project("{FAE04EC0-301F-11D3-BF4B-00C04F79EFBC}") = "Task_4_4", "Task_4_4\Task_4_4.csproj", "{6E9F3D1C-0227-4971-A7D9-DEAEED7DAEE4}"
EndProject
Global
	GlobalSection(SolutionConfigurationPlatforms) = preSolution
		Debug|Any CPU = Debug|Any CPU
		Release|Any CPU = Release|Any CPU
	EndGlobalSection
	GlobalSection(ProjectConfigurationPlatforms) = postSolution
		{51A56D5F-D6E5-484D-8FA8-1911200466F7}.Debug|Any CPU.ActiveCfg = Debug|Any CPU
		{51A56D5F-D6E5-484D-8FA8-1911200466F7}.Debug|Any CPU.Build.0 = Debug|Any CPU
		{51A56D5F-D6E5-484D-8FA8-1911200466F7}.Release|Any CPU.ActiveCfg = Release|Any CPU
		{51A56D5F-D6E5-484D-8FA8-1911200466F7}.Release|Any CPU.Build.0 = Release|Any CPU
		{E8DB1E47-68BB-4B8C-80BE-5F6F0093EB44}.Debug|Any CPU.ActiveCfg = Debug|Any CPU
		{E8DB1E47-68BB-4B8C-80BE-5F6F0093EB44}.Debug|Any CPU.Build.0 = Debug|Any CPU
		{E8DB1E47-68BB-4B8C-80BE-5F6F0093EB44}.Release|Any CPU.ActiveCfg = Release|Any CPU
		{E8DB1E47-68BB-4B8C-80BE-5F6F0093EB44}.Release|Any CPU.Build.0 = Release|Any CPU
		{9A388FF0-84C1-4346-9DA9-E1BEDB59BAF0}.Debug|Any CPU.ActiveCfg = Debug|Any CPU
		{9A388FF0-84C1-4346-9DA9-E1BEDB59BAF0}.Debug|Any CPU.Build.0 = Debug|Any CPU
		{9A388FF0-84C1-4346-9DA9-E1BEDB59BAF0}.Release|Any CPU.ActiveCfg = Release|Any CPU
		{9A388FF0-84C1-4346-9DA9-E1BEDB59BAF0}.Release|Any CPU.Build.0 = Release|Any CPU
		{6E9F3D1C-0227-4971-A7D9-DEAEED7DAEE4}.Debug|Any CPU.ActiveCfg = Debug|Any CPU
		{6E9F3D1C-0227-4971-A7D9-DEAEED7DAEE4}.Debug|Any CPU.Build.0 = Debug|Any CPU
		{6E9F3D1C-0227-4971-A7D9-DEAEED7DAEE4}.Release|Any CPU.ActiveCfg = Release|Any CPU
		{6E9F3D1C-0227-4971-A7D9-DEAEED7DAEE4}.Release|Any CPU.Build.0 = Release|Any CPU
	EndGlobalSection
	GlobalSection(SolutionProperties) = preSolution
		HideSolutionNode = FALSE
	EndGlobalSection
	GlobalSection(ExtensibilityGlobals) = postSolution
		SolutionGuid = {1A7232B6-848E-4193-8462-6B4C2755474B}
	EndGlobalSection
EndGlobal
